
Microsoft Visual Studio Solution File, Format Version 12.00
# Visual Studio Version 17
VisualStudioVersion = 17.4.33213.308
MinimumVisualStudioVersion = 10.0.40219.1
Project("{FAE04EC0-301F-11D3-BF4B-00C04F79EFBC}") = "SealedClass", "SealedClass\SealedClass.csproj", "{52E240D0-01F1-420C-8834-2ADE26A66D5F}"
EndProject
Global
	GlobalSection(SolutionConfigurationPlatforms) = preSolution
		Debug|Any CPU = Debug|Any CPU
		Release|Any CPU = Release|Any CPU
	EndGlobalSection
	GlobalSection(ProjectConfigurationPlatforms) = postSolution
		{52E240D0-01F1-420C-8834-2ADE26A66D5F}.Debug|Any CPU.ActiveCfg = Debug|Any CPU
		{52E240D0-01F1-420C-8834-2ADE26A66D5F}.Debug|Any CPU.Build.0 = Debug|Any CPU
		{52E240D0-01F1-420C-8834-2ADE26A66D5F}.Release|Any CPU.ActiveCfg = Release|Any CPU
		{52E240D0-01F1-420C-8834-2ADE26A66D5F}.Release|Any CPU.Build.0 = Release|Any CPU
	EndGlobalSection
	GlobalSection(SolutionProperties) = preSolution
		HideSolutionNode = FALSE
	EndGlobalSection
	GlobalSection(ExtensibilityGlobals) = postSolution
		SolutionGuid = {B6B56059-6214-4E88-8C5F-D4EC233955C6}
	EndGlobalSection
EndGlobal
